{
  "version": 4,
  "terraform_version": "1.12.2",
  "serial": 9,
  "lineage": "f2ebca82-601e-e508-bde9-9659e9be1519",
  "outputs": {
    "resource_group_name": {
      "value": "todo-devops-staging-rg",
      "type": "string"
    },
    "web_app_url": {
      "value": "todo-devops-app-staging.azurewebsites.net",
      "type": "string"
    }
  },
  "resources": [
    {
      "mode": "managed",
      "type": "azurerm_linux_web_app",
      "name": "app_service",
      "provider": "provider[\"registry.terraform.io/hashicorp/azurerm\"]",
      "instances": [
        {
          "schema_version": 0,
          "attributes": {
            "app_settings": null,
            "auth_settings": [],
            "auth_settings_v2": [],
            "backup": [],
            "client_affinity_enabled": false,
            "client_certificate_enabled": false,
            "client_certificate_exclusion_paths": "",
            "client_certificate_mode": "Required",
            "connection_string": [],
            "custom_domain_verification_id": "3BDADAFB925EC8709EDC1E95EDE830211E9B4E8CD78C8E326826D92D74884756",
            "default_hostname": "todo-devops-app-staging.azurewebsites.net",
            "enabled": true,
            "hosting_environment_id": "",
            "https_only": false,
            "id": "/subscriptions/736b4173-e1ed-46ae-be69-2241d0f855e8/resourceGroups/todo-devops-staging-rg/providers/Microsoft.Web/sites/todo-devops-app-staging",
            "identity": [],
            "key_vault_reference_identity_id": "SystemAssigned",
            "kind": "app,linux",
            "location": "southafricanorth",
            "logs": [],
            "name": "todo-devops-app-staging",
            "outbound_ip_address_list": [
              "20.87.229.239",
              "20.87.227.163",
              "20.87.202.151",
              "20.87.230.45",
              "20.87.230.83",
              "20.87.230.97",
              "102.37.122.191",
              "102.37.122.97",
              "102.37.121.43",
              "102.37.122.99",
              "102.37.122.253",
              "102.37.121.29",
              "102.133.250.161"
            ],
            "outbound_ip_addresses": "20.87.229.239,20.87.227.163,20.87.202.151,20.87.230.45,20.87.230.83,20.87.230.97,102.37.122.191,102.37.122.97,102.37.121.43,102.37.122.99,102.37.122.253,102.37.121.29,102.133.250.161",
            "possible_outbound_ip_address_list": [
              "20.87.229.239",
              "20.87.227.163",
              "20.87.202.151",
              "20.87.230.45",
              "20.87.230.83",
              "20.87.230.97",
              "102.37.122.191",
              "102.37.122.97",
              "102.37.121.43",
              "102.37.122.99",
              "102.37.122.253",
              "102.37.121.29",
              "102.37.102.212",
              "102.37.121.168",
              "102.37.101.172",
              "102.37.101.106",
              "102.37.123.54",
              "102.37.103.63",
              "102.37.122.157",
              "102.37.123.2",
              "102.37.121.26",
              "102.37.123.137",
              "102.37.123.92",
              "102.37.123.237",
              "20.87.32.110",
              "20.87.34.120",
              "20.87.34.125",
              "20.87.34.126",
              "20.87.34.229",
              "20.87.35.54",
              "102.133.250.161"
            ],
            "possible_outbound_ip_addresses": "20.87.229.239,20.87.227.163,20.87.202.151,20.87.230.45,20.87.230.83,20.87.230.97,102.37.122.191,102.37.122.97,102.37.121.43,102.37.122.99,102.37.122.253,102.37.121.29,102.37.102.212,102.37.121.168,102.37.101.172,102.37.101.106,102.37.123.54,102.37.103.63,102.37.122.157,102.37.123.2,102.37.121.26,102.37.123.137,102.37.123.92,102.37.123.237,20.87.32.110,20.87.34.120,20.87.34.125,20.87.34.126,20.87.34.229,20.87.35.54,102.133.250.161",
            "public_network_access_enabled": true,
            "resource_group_name": "todo-devops-staging-rg",
            "service_plan_id": "/subscriptions/736b4173-e1ed-46ae-be69-2241d0f855e8/resourceGroups/todo-devops-staging-rg/providers/Microsoft.Web/serverfarms/todo-devops-staging-app-plan",
            "site_config": [
              {
                "always_on": true,
                "api_definition_url": "",
                "api_management_api_id": "",
                "app_command_line": "",
                "application_stack": [
                  {
                    "docker_image": "",
                    "docker_image_name": "",
                    "docker_image_tag": "",
                    "docker_registry_password": "",
                    "docker_registry_url": "",
                    "docker_registry_username": "",
                    "dotnet_version": "",
                    "go_version": "",
                    "java_server": "",
                    "java_server_version": "",
                    "java_version": "",
                    "node_version": "18-lts",
                    "php_version": "",
                    "python_version": "",
                    "ruby_version": ""
                  }
                ],
                "auto_heal_enabled": false,
                "auto_heal_setting": [],
                "container_registry_managed_identity_client_id": "",
                "container_registry_use_managed_identity": false,
                "cors": [],
                "default_documents": [
                  "Default.htm",
                  "Default.html",
                  "Default.asp",
                  "index.htm",
                  "index.html",
                  "iisstart.htm",
                  "default.aspx",
                  "index.php",
                  "hostingstart.html"
                ],
                "detailed_error_logging_enabled": false,
                "ftps_state": "Disabled",
                "health_check_eviction_time_in_min": 0,
                "health_check_path": "",
                "http2_enabled": false,
                "ip_restriction": [],
                "linux_fx_version": "NODE|18-lts",
                "load_balancing_mode": "LeastRequests",
                "local_mysql_enabled": false,
                "managed_pipeline_mode": "Integrated",
                "minimum_tls_version": "1.2",
                "remote_debugging_enabled": false,
                "remote_debugging_version": "VS2022",
                "scm_ip_restriction": [],
                "scm_minimum_tls_version": "1.2",
                "scm_type": "None",
                "scm_use_main_ip_restriction": false,
                "use_32_bit_worker": true,
                "vnet_route_all_enabled": false,
                "websockets_enabled": false,
                "worker_count": 1
              }
            ],
            "site_credential": [
              {
                "name": "$todo-devops-app-staging",
                "password": "cDz3biHzp2Yhxy2qJfpCp4Xcyl0wJEykA6iFesTLKYJbEw0fciD0cDMqDrDg"
              }
            ],
            "sticky_settings": [],
            "storage_account": [],
            "tags": null,
            "timeouts": null,
            "virtual_network_subnet_id": "",
            "zip_deploy_file": ""
          },
          "sensitive_attributes": [
            [
              {
                "type": "get_attr",
                "value": "custom_domain_verification_id"
              }
            ],
            [
              {
                "type": "get_attr",
                "value": "site_config"
              },
              {
                "type": "index",
                "value": {
                  "value": 0,
                  "type": "number"
                }
              },
              {
                "type": "get_attr",
                "value": "application_stack"
              },
              {
                "type": "index",
                "value": {
                  "value": 0,
                  "type": "number"
                }
              },
              {
                "type": "get_attr",
                "value": "docker_registry_password"
              }
            ],
            [
              {
                "type": "get_attr",
                "value": "site_credential"
              }
            ]
          ],
          "identity_schema_version": 0,
          "private": "eyJlMmJmYjczMC1lY2FhLTExZTYtOGY4OC0zNDM2M2JjN2M0YzAiOnsiY3JlYXRlIjoxODAwMDAwMDAwMDAwLCJkZWxldGUiOjE4MDAwMDAwMDAwMDAsInJlYWQiOjMwMDAwMDAwMDAwMCwidXBkYXRlIjoxODAwMDAwMDAwMDAwfX0=",
          "dependencies": [
            "azurerm_resource_group.rg",
            "azurerm_service_plan.app_plan"
          ]
        }
      ]
    },
    {
      "mode": "managed",
      "type": "azurerm_resource_group",
      "name": "rg",
      "provider": "provider[\"registry.terraform.io/hashicorp/azurerm\"]",
      "instances": [
        {
          "schema_version": 0,
          "attributes": {
            "id": "/subscriptions/736b4173-e1ed-46ae-be69-2241d0f855e8/resourceGroups/todo-devops-staging-rg",
            "location": "southafricanorth",
            "managed_by": "",
            "name": "todo-devops-staging-rg",
            "tags": null,
            "timeouts": null
          },
          "sensitive_attributes": [],
          "identity_schema_version": 0,
          "private": "eyJlMmJmYjczMC1lY2FhLTExZTYtOGY4OC0zNDM2M2JjN2M0YzAiOnsiY3JlYXRlIjo1NDAwMDAwMDAwMDAwLCJkZWxldGUiOjU0MDAwMDAwMDAwMDAsInJlYWQiOjMwMDAwMDAwMDAwMCwidXBkYXRlIjo1NDAwMDAwMDAwMDAwfX0="
        }
      ]
    },
    {
      "mode": "managed",
      "type": "azurerm_service_plan",
      "name": "app_plan",
      "provider": "provider[\"registry.terraform.io/hashicorp/azurerm\"]",
      "instances": [
        {
          "schema_version": 0,
          "attributes": {
            "app_service_environment_id": "",
            "id": "/subscriptions/736b4173-e1ed-46ae-be69-2241d0f855e8/resourceGroups/todo-devops-staging-rg/providers/Microsoft.Web/serverfarms/todo-devops-staging-app-plan",
            "kind": "linux",
            "location": "southafricanorth",
            "maximum_elastic_worker_count": 1,
            "name": "todo-devops-staging-app-plan",
            "os_type": "Linux",
            "per_site_scaling_enabled": false,
            "reserved": true,
            "resource_group_name": "todo-devops-staging-rg",
            "sku_name": "B1",
            "tags": null,
            "timeouts": null,
            "worker_count": 1,
            "zone_balancing_enabled": false
          },
          "sensitive_attributes": [],
          "identity_schema_version": 0,
          "private": "eyJlMmJmYjczMC1lY2FhLTExZTYtOGY4OC0zNDM2M2JjN2M0YzAiOnsiY3JlYXRlIjozNjAwMDAwMDAwMDAwLCJkZWxldGUiOjM2MDAwMDAwMDAwMDAsInJlYWQiOjMwMDAwMDAwMDAwMCwidXBkYXRlIjozNjAwMDAwMDAwMDAwfX0=",
          "dependencies": [
            "azurerm_resource_group.rg"
          ]
        }
      ]
    }
  ],
  "check_results": null
}
